
Microsoft Visual Studio Solution File, Format Version 12.00
# Visual Studio for Mac
Project("{FAE04EC0-301F-11D3-BF4B-00C04F79EFBC}") = "Assembly-CSharp", "Assembly-CSharp.csproj", "{4A6E57F2-D243-469E-A0DE-03044BB77435}"
EndProject
Project("{FAE04EC0-301F-11D3-BF4B-00C04F79EFBC}") = "Assembly-CSharp-Editor", "Assembly-CSharp-Editor.csproj", "{19F754B0-396D-640E-7B56-EFEA44B4DF50}"
EndProject
Global
	GlobalSection(SolutionConfigurationPlatforms) = preSolution
		Debug|Any CPU = Debug|Any CPU
		Release|Any CPU = Release|Any CPU
	EndGlobalSection
	GlobalSection(ProjectConfigurationPlatforms) = postSolution
		{4A6E57F2-D243-469E-A0DE-03044BB77435}.Debug|Any CPU.ActiveCfg = Debug|Any CPU
		{4A6E57F2-D243-469E-A0DE-03044BB77435}.Debug|Any CPU.Build.0 = Debug|Any CPU
		{4A6E57F2-D243-469E-A0DE-03044BB77435}.Release|Any CPU.ActiveCfg = Release|Any CPU
		{4A6E57F2-D243-469E-A0DE-03044BB77435}.Release|Any CPU.Build.0 = Release|Any CPU
		{19F754B0-396D-640E-7B56-EFEA44B4DF50}.Debug|Any CPU.ActiveCfg = Debug|Any CPU
		{19F754B0-396D-640E-7B56-EFEA44B4DF50}.Debug|Any CPU.Build.0 = Debug|Any CPU
		{19F754B0-396D-640E-7B56-EFEA44B4DF50}.Release|Any CPU.ActiveCfg = Release|Any CPU
		{19F754B0-396D-640E-7B56-EFEA44B4DF50}.Release|Any CPU.Build.0 = Release|Any CPU
	EndGlobalSection
	GlobalSection(SolutionProperties) = preSolution
		HideSolutionNode = FALSE
	EndGlobalSection
EndGlobal
